
Microsoft Visual Studio Solution File, Format Version 12.00
# Visual Studio 2013
VisualStudioVersion = 12.0.21005.1
MinimumVisualStudioVersion = 10.0.40219.1
Project("{FAE04EC0-301F-11D3-BF4B-00C04F79EFBC}") = "Neural Network Test 1", "Neural Network Test 1\Neural Network Test 1.csproj", "{48B6AE39-7AF4-40B3-A093-8CDE2265C978}"
EndProject
Project("{FAE04EC0-301F-11D3-BF4B-00C04F79EFBC}") = "Neural Network Test 2", "Neural Network Test 2\Neural Network Test 2.csproj", "{D64F064A-9A8C-4707-95C3-BF85735CD5E0}"
EndProject
Global
	GlobalSection(SolutionConfigurationPlatforms) = preSolution
		Debug|Any CPU = Debug|Any CPU
		Release|Any CPU = Release|Any CPU
	EndGlobalSection
	GlobalSection(ProjectConfigurationPlatforms) = postSolution
		{48B6AE39-7AF4-40B3-A093-8CDE2265C978}.Debug|Any CPU.ActiveCfg = Debug|Any CPU
		{48B6AE39-7AF4-40B3-A093-8CDE2265C978}.Debug|Any CPU.Build.0 = Debug|Any CPU
		{48B6AE39-7AF4-40B3-A093-8CDE2265C978}.Release|Any CPU.ActiveCfg = Release|Any CPU
		{48B6AE39-7AF4-40B3-A093-8CDE2265C978}.Release|Any CPU.Build.0 = Release|Any CPU
		{D64F064A-9A8C-4707-95C3-BF85735CD5E0}.Debug|Any CPU.ActiveCfg = Debug|Any CPU
		{D64F064A-9A8C-4707-95C3-BF85735CD5E0}.Debug|Any CPU.Build.0 = Debug|Any CPU
		{D64F064A-9A8C-4707-95C3-BF85735CD5E0}.Release|Any CPU.ActiveCfg = Release|Any CPU
		{D64F064A-9A8C-4707-95C3-BF85735CD5E0}.Release|Any CPU.Build.0 = Release|Any CPU
	EndGlobalSection
	GlobalSection(SolutionProperties) = preSolution
		HideSolutionNode = FALSE
	EndGlobalSection
EndGlobal
